
Microsoft Visual Studio Solution File, Format Version 12.00
# Visual Studio 14
VisualStudioVersion = 14.0.25420.1
MinimumVisualStudioVersion = 10.0.40219.1
Project("{FAE04EC0-301F-11D3-BF4B-00C04F79EFBC}") = "Eve4SalesApp", "Eve4SalesApp\Eve4SalesApp.csproj", "{2E2F6D65-BDFF-47B7-99B4-73AFEA519C3A}"
EndProject
Project("{FAE04EC0-301F-11D3-BF4B-00C04F79EFBC}") = "Eve4SalesApp.Tests", "Eve4SalesApp.Tests\Eve4SalesApp.Tests.csproj", "{F42BB751-827B-4FAD-ABE8-0FB14A3C07AE}"
EndProject
Project("{2150E333-8FDC-42A3-9474-1A3956D46DE8}") = "Solution Items", "Solution Items", "{6AB6C82B-D0B9-453C-AB05-BD5B38885B38}"
	ProjectSection(SolutionItems) = preProject
		TextFile1.txt = TextFile1.txt
	EndProjectSection
EndProject
Global
	GlobalSection(SolutionConfigurationPlatforms) = preSolution
		Debug|Any CPU = Debug|Any CPU
		Release|Any CPU = Release|Any CPU
	EndGlobalSection
	GlobalSection(ProjectConfigurationPlatforms) = postSolution
		{2E2F6D65-BDFF-47B7-99B4-73AFEA519C3A}.Debug|Any CPU.ActiveCfg = Debug|Any CPU
		{2E2F6D65-BDFF-47B7-99B4-73AFEA519C3A}.Debug|Any CPU.Build.0 = Debug|Any CPU
		{2E2F6D65-BDFF-47B7-99B4-73AFEA519C3A}.Release|Any CPU.ActiveCfg = Release|Any CPU
		{2E2F6D65-BDFF-47B7-99B4-73AFEA519C3A}.Release|Any CPU.Build.0 = Release|Any CPU
		{F42BB751-827B-4FAD-ABE8-0FB14A3C07AE}.Debug|Any CPU.ActiveCfg = Debug|Any CPU
		{F42BB751-827B-4FAD-ABE8-0FB14A3C07AE}.Debug|Any CPU.Build.0 = Debug|Any CPU
		{F42BB751-827B-4FAD-ABE8-0FB14A3C07AE}.Release|Any CPU.ActiveCfg = Release|Any CPU
		{F42BB751-827B-4FAD-ABE8-0FB14A3C07AE}.Release|Any CPU.Build.0 = Release|Any CPU
	EndGlobalSection
	GlobalSection(SolutionProperties) = preSolution
		HideSolutionNode = FALSE
	EndGlobalSection
EndGlobal
